
Microsoft Visual Studio Solution File, Format Version 12.00
# Visual Studio 15
VisualStudioVersion = 15.0.28307.852
MinimumVisualStudioVersion = 10.0.40219.1
Project("{FAE04EC0-301F-11D3-BF4B-00C04F79EFBC}") = "CarDealership", "CarDealership\CarDealership.csproj", "{B4716A2E-9CE8-4A9D-ABDA-27F3E5B9F695}"
EndProject
Global
	GlobalSection(SolutionConfigurationPlatforms) = preSolution
		Debug|Any CPU = Debug|Any CPU
		Release|Any CPU = Release|Any CPU
	EndGlobalSection
	GlobalSection(ProjectConfigurationPlatforms) = postSolution
		{B4716A2E-9CE8-4A9D-ABDA-27F3E5B9F695}.Debug|Any CPU.ActiveCfg = Debug|Any CPU
		{B4716A2E-9CE8-4A9D-ABDA-27F3E5B9F695}.Debug|Any CPU.Build.0 = Debug|Any CPU
		{B4716A2E-9CE8-4A9D-ABDA-27F3E5B9F695}.Release|Any CPU.ActiveCfg = Release|Any CPU
		{B4716A2E-9CE8-4A9D-ABDA-27F3E5B9F695}.Release|Any CPU.Build.0 = Release|Any CPU
	EndGlobalSection
	GlobalSection(SolutionProperties) = preSolution
		HideSolutionNode = FALSE
	EndGlobalSection
	GlobalSection(ExtensibilityGlobals) = postSolution
		SolutionGuid = {B883C62E-E58C-46AC-B8BD-C7CD94C082D7}
	EndGlobalSection
EndGlobal
